
Microsoft Visual Studio Solution File, Format Version 12.00
# Visual Studio Version 16
VisualStudioVersion = 16.0.31019.35
MinimumVisualStudioVersion = 10.0.40219.1
Project("{9A19103F-16F7-4668-BE54-9A1E7A4F7556}") = "PublishEvH", "PublishEvH\PublishEvH.csproj", "{33B68EA5-FE3C-4936-863A-FF1BCE0D382D}"
EndProject
Project("{9A19103F-16F7-4668-BE54-9A1E7A4F7556}") = "FunctionPublishEvhConsumption", "FunctionPublishEvhConsumption\FunctionPublishEvhConsumption.csproj", "{E55497E2-7E59-45E7-84F4-ED3337FA2A10}"
EndProject
Global
	GlobalSection(SolutionConfigurationPlatforms) = preSolution
		Debug|Any CPU = Debug|Any CPU
		Release|Any CPU = Release|Any CPU
	EndGlobalSection
	GlobalSection(ProjectConfigurationPlatforms) = postSolution
		{33B68EA5-FE3C-4936-863A-FF1BCE0D382D}.Debug|Any CPU.ActiveCfg = Debug|Any CPU
		{33B68EA5-FE3C-4936-863A-FF1BCE0D382D}.Debug|Any CPU.Build.0 = Debug|Any CPU
		{33B68EA5-FE3C-4936-863A-FF1BCE0D382D}.Release|Any CPU.ActiveCfg = Release|Any CPU
		{33B68EA5-FE3C-4936-863A-FF1BCE0D382D}.Release|Any CPU.Build.0 = Release|Any CPU
		{E55497E2-7E59-45E7-84F4-ED3337FA2A10}.Debug|Any CPU.ActiveCfg = Debug|Any CPU
		{E55497E2-7E59-45E7-84F4-ED3337FA2A10}.Debug|Any CPU.Build.0 = Debug|Any CPU
		{E55497E2-7E59-45E7-84F4-ED3337FA2A10}.Release|Any CPU.ActiveCfg = Release|Any CPU
		{E55497E2-7E59-45E7-84F4-ED3337FA2A10}.Release|Any CPU.Build.0 = Release|Any CPU
	EndGlobalSection
	GlobalSection(SolutionProperties) = preSolution
		HideSolutionNode = FALSE
	EndGlobalSection
	GlobalSection(ExtensibilityGlobals) = postSolution
		SolutionGuid = {249D211E-2BD4-407B-A743-5402A0D408F1}
	EndGlobalSection
EndGlobal
